
Microsoft Visual Studio Solution File, Format Version 12.00
# Visual Studio Version 17
VisualStudioVersion = 17.4.33103.184
MinimumVisualStudioVersion = 10.0.40219.1
Project("{FAE04EC0-301F-11D3-BF4B-00C04F79EFBC}") = "TiagaoDoFuscao", "TiagaoDoFuscao.csproj", "{B45DBC35-94EF-405B-AF03-E55845E39E90}"
EndProject
Global
	GlobalSection(SolutionConfigurationPlatforms) = preSolution
		Debug|Any CPU = Debug|Any CPU
		Release|Any CPU = Release|Any CPU
	EndGlobalSection
	GlobalSection(ProjectConfigurationPlatforms) = postSolution
		{B45DBC35-94EF-405B-AF03-E55845E39E90}.Debug|Any CPU.ActiveCfg = Debug|Any CPU
		{B45DBC35-94EF-405B-AF03-E55845E39E90}.Debug|Any CPU.Build.0 = Debug|Any CPU
		{B45DBC35-94EF-405B-AF03-E55845E39E90}.Release|Any CPU.ActiveCfg = Release|Any CPU
		{B45DBC35-94EF-405B-AF03-E55845E39E90}.Release|Any CPU.Build.0 = Release|Any CPU
	EndGlobalSection
	GlobalSection(SolutionProperties) = preSolution
		HideSolutionNode = FALSE
	EndGlobalSection
	GlobalSection(ExtensibilityGlobals) = postSolution
		SolutionGuid = {2D0962DC-9C83-45D6-9C51-EF5617088187}
	EndGlobalSection
EndGlobal
